{
  "nodes": {
    "base16": {
      "inputs": {
        "fromYaml": "fromYaml"
      },
      "locked": {
        "lastModified": 1732200724,
        "narHash": "sha256-+R1BH5wHhfnycySb7Sy5KbYEaTJZWm1h+LW1OtyhiTs=",
        "owner": "SenchoPens",
        "repo": "base16.nix",
        "rev": "153d52373b0fb2d343592871009a286ec8837aec",
        "type": "github"
      },
      "original": {
        "owner": "SenchoPens",
        "repo": "base16.nix",
        "type": "github"
      }
    },
    "base16-fish": {
      "flake": false,
      "locked": {
        "lastModified": 1622559957,
        "narHash": "sha256-PebymhVYbL8trDVVXxCvZgc0S5VxI7I1Hv4RMSquTpA=",
        "owner": "tomyun",
        "repo": "base16-fish",
        "rev": "2f6dd973a9075dabccd26f1cded09508180bf5fe",
        "type": "github"
      },
      "original": {
        "owner": "tomyun",
        "repo": "base16-fish",
        "type": "github"
      }
    },
    "base16-helix": {
      "flake": false,
      "locked": {
        "lastModified": 1725860795,
        "narHash": "sha256-Z2o8VBPW3I+KKTSfe25kskz0EUj7MpUh8u355Z1nVsU=",
        "owner": "tinted-theming",
        "repo": "base16-helix",
        "rev": "7f795bf75d38e0eea9fed287264067ca187b88a9",
        "type": "github"
      },
      "original": {
        "owner": "tinted-theming",
        "repo": "base16-helix",
        "type": "github"
      }
    },
    "base16-vim": {
      "flake": false,
      "locked": {
        "lastModified": 1731949548,
        "narHash": "sha256-XIDexXM66sSh5j/x70e054BnUsviibUShW7XhbDGhYo=",
        "owner": "tinted-theming",
        "repo": "base16-vim",
        "rev": "61165b1632409bd55e530f3dbdd4477f011cadc6",
        "type": "github"
      },
      "original": {
        "owner": "tinted-theming",
        "repo": "base16-vim",
        "type": "github"
      }
    },
    "catppuccin": {
      "inputs": {
        "catppuccin-v1_1": "catppuccin-v1_1",
        "catppuccin-v1_2": "catppuccin-v1_2",
        "home-manager": "home-manager",
        "home-manager-stable": "home-manager-stable",
        "nixpkgs": "nixpkgs",
        "nixpkgs-stable": "nixpkgs-stable",
        "nuscht-search": "nuscht-search"
      },
      "locked": {
        "lastModified": 1736069220,
        "narHash": "sha256-76MaB3COao55nlhWmSmq9PKgu2iGIs54C1cAE0E5J6Y=",
        "owner": "catppuccin",
        "repo": "nix",
        "rev": "8eada392fd6571a747e1c5fc358dd61c14c8704e",
        "type": "github"
      },
      "original": {
        "owner": "catppuccin",
        "repo": "nix",
        "type": "github"
      }
    },
    "catppuccin-v1_1": {
      "locked": {
        "lastModified": 1734055249,
        "narHash": "sha256-pCWJgwo77KD7EJpwynwKrWPZ//dwypHq2TfdzZWqK68=",
        "rev": "7221d6ca17ac36ed20588e1c3a80177ac5843fa7",
        "revCount": 326,
        "type": "tarball",
        "url": "https://api.flakehub.com/f/pinned/catppuccin/nix/1.1.1/0193bdc0-b045-7eed-bbec-95611a8ecdf5/source.tar.gz"
      },
      "original": {
        "type": "tarball",
        "url": "https://flakehub.com/f/catppuccin/nix/1.1.%2A.tar.gz"
      }
    },
    "catppuccin-v1_2": {
      "locked": {
        "lastModified": 1734728407,
        "narHash": "sha256-Let3uJo4YDyfqbqaw66dpZxhJB2TrDyZWSFd5rpPLJA=",
        "rev": "23ee86dbf4ed347878115a78971d43025362fab1",
        "revCount": 341,
        "type": "tarball",
        "url": "https://api.flakehub.com/f/pinned/catppuccin/nix/1.2.0/0193e5e0-33b7-7149-a362-bfe56b20f64e/source.tar.gz"
      },
      "original": {
        "type": "tarball",
        "url": "https://flakehub.com/f/catppuccin/nix/1.2.%2A.tar.gz"
      }
    },
    "clan-core": {
      "inputs": {
        "disko": "disko",
        "flake-parts": [
          "flake-parts"
        ],
        "nixos-facter-modules": "nixos-facter-modules",
        "nixpkgs": [
          "nixpkgs"
        ],
        "sops-nix": "sops-nix",
        "systems": [
          "systems"
        ],
        "treefmt-nix": [
          "treefmt-nix"
        ]
      },
      "locked": {
<<<<<<< HEAD
        "lastModified": 1736511627,
        "narHash": "sha256-MLn1/R2ERMJiTbBAve+BPi0u0BK6QZbp0mo5RoCQzyI=",
        "ref": "refs/heads/main",
        "rev": "3dd4ff31dd7b7de16d03477f6e1c27311570db5a",
        "revCount": 5430,
=======
        "lastModified": 1735930566,
        "narHash": "sha256-KD2mbQ+Z6SvHBTQvJzIPgMvrZ1iaXvcE1obfLREIaso=",
        "ref": "refs/heads/main",
        "rev": "2b1f6ef3746e955fbe7f75e9eafabb88910d9986",
        "revCount": 5368,
>>>>>>> 76020dd (nix flake update)
        "type": "git",
        "url": "https://git.clan.lol/clan/clan-core"
      },
      "original": {
        "type": "git",
        "url": "https://git.clan.lol/clan/clan-core"
      }
    },
    "disko": {
      "inputs": {
        "nixpkgs": [
          "clan-core",
          "nixpkgs"
        ]
      },
      "locked": {
        "lastModified": 1736437680,
        "narHash": "sha256-9Sy17XguKdEU9M5peTrkWSlI/O5IAqjHzdzxbXnc30g=",
        "owner": "nix-community",
        "repo": "disko",
        "rev": "4d5d07d37ff773338e40a92088f45f4f88e509c8",
        "type": "github"
      },
      "original": {
        "owner": "nix-community",
        "repo": "disko",
        "type": "github"
      }
    },
    "firefox-gnome-theme": {
      "flake": false,
      "locked": {
        "lastModified": 1734969791,
        "narHash": "sha256-A9PxLienMYJ/WUvqFie9qXrNC2MeRRYw7TG/q7DRjZg=",
        "owner": "rafaelmardojai",
        "repo": "firefox-gnome-theme",
        "rev": "92f4890bd150fc9d97b61b3583680c0524a8cafe",
        "type": "github"
      },
      "original": {
        "owner": "rafaelmardojai",
        "repo": "firefox-gnome-theme",
        "type": "github"
      }
    },
    "flake-compat": {
      "flake": false,
      "locked": {
        "lastModified": 1696426674,
        "narHash": "sha256-kvjfFW7WAETZlt09AgDn1MrtKzP7t90Vf7vypd3OL1U=",
        "owner": "edolstra",
        "repo": "flake-compat",
        "rev": "0f9255e01c2351cc7d116c072cb317785dd33b33",
        "type": "github"
      },
      "original": {
        "owner": "edolstra",
        "repo": "flake-compat",
        "type": "github"
      }
    },
    "flake-parts": {
      "inputs": {
        "nixpkgs-lib": [
          "nixpkgs"
        ]
      },
      "locked": {
<<<<<<< HEAD
        "lastModified": 1736143030,
        "narHash": "sha256-+hu54pAoLDEZT9pjHlqL9DNzWz0NbUn8NEAHP7PQPzU=",
        "owner": "hercules-ci",
        "repo": "flake-parts",
        "rev": "b905f6fc23a9051a6e1b741e1438dbfc0634c6de",
=======
        "lastModified": 1735774679,
        "narHash": "sha256-soePLBazJk0qQdDVhdbM98vYdssfs3WFedcq+raipRI=",
        "owner": "hercules-ci",
        "repo": "flake-parts",
        "rev": "f2f7418ce0ab4a5309a4596161d154cfc877af66",
>>>>>>> 76020dd (nix flake update)
        "type": "github"
      },
      "original": {
        "owner": "hercules-ci",
        "repo": "flake-parts",
        "type": "github"
      }
    },
    "flake-utils": {
      "inputs": {
        "systems": "systems"
      },
      "locked": {
        "lastModified": 1731533236,
        "narHash": "sha256-l0KFg5HjrsfsO/JpG+r7fRrqm12kzFHyUHqHCVpMMbI=",
        "owner": "numtide",
        "repo": "flake-utils",
        "rev": "11707dc2f618dd54ca8739b309ec4fc024de578b",
        "type": "github"
      },
      "original": {
        "owner": "numtide",
        "repo": "flake-utils",
        "type": "github"
      }
    },
    "flake-utils_2": {
      "inputs": {
        "systems": [
          "systems"
        ]
      },
      "locked": {
        "lastModified": 1731533236,
        "narHash": "sha256-l0KFg5HjrsfsO/JpG+r7fRrqm12kzFHyUHqHCVpMMbI=",
        "owner": "numtide",
        "repo": "flake-utils",
        "rev": "11707dc2f618dd54ca8739b309ec4fc024de578b",
        "type": "github"
      },
      "original": {
        "owner": "numtide",
        "repo": "flake-utils",
        "type": "github"
      }
    },
    "fromYaml": {
      "flake": false,
      "locked": {
        "lastModified": 1731966426,
        "narHash": "sha256-lq95WydhbUTWig/JpqiB7oViTcHFP8Lv41IGtayokA8=",
        "owner": "SenchoPens",
        "repo": "fromYaml",
        "rev": "106af9e2f715e2d828df706c386a685698f3223b",
        "type": "github"
      },
      "original": {
        "owner": "SenchoPens",
        "repo": "fromYaml",
        "type": "github"
      }
    },
    "git-hooks": {
      "inputs": {
        "flake-compat": [
          "stylix",
          "flake-compat"
        ],
        "gitignore": "gitignore",
        "nixpkgs": [
          "stylix",
          "nixpkgs"
        ],
        "nixpkgs-stable": [
          "stylix",
          "git-hooks",
          "nixpkgs"
        ]
      },
      "locked": {
        "lastModified": 1731363552,
        "narHash": "sha256-vFta1uHnD29VUY4HJOO/D6p6rxyObnf+InnSMT4jlMU=",
        "owner": "cachix",
        "repo": "git-hooks.nix",
        "rev": "cd1af27aa85026ac759d5d3fccf650abe7e1bbf0",
        "type": "github"
      },
      "original": {
        "owner": "cachix",
        "repo": "git-hooks.nix",
        "type": "github"
      }
    },
    "gitignore": {
      "inputs": {
        "nixpkgs": [
          "stylix",
          "git-hooks",
          "nixpkgs"
        ]
      },
      "locked": {
        "lastModified": 1709087332,
        "narHash": "sha256-HG2cCnktfHsKV0s4XW83gU3F57gaTljL9KNSuG6bnQs=",
        "owner": "hercules-ci",
        "repo": "gitignore.nix",
        "rev": "637db329424fd7e46cf4185293b9cc8c88c95394",
        "type": "github"
      },
      "original": {
        "owner": "hercules-ci",
        "repo": "gitignore.nix",
        "type": "github"
      }
    },
    "gnome-shell": {
      "flake": false,
      "locked": {
        "lastModified": 1732369855,
        "narHash": "sha256-JhUWbcYPjHO3Xs3x9/Z9RuqXbcp5yhPluGjwsdE2GMg=",
        "owner": "GNOME",
        "repo": "gnome-shell",
        "rev": "dadd58f630eeea41d645ee225a63f719390829dc",
        "type": "github"
      },
      "original": {
        "owner": "GNOME",
        "ref": "47.2",
        "repo": "gnome-shell",
        "type": "github"
      }
    },
    "home-manager": {
      "inputs": {
        "nixpkgs": [
          "catppuccin",
          "nixpkgs"
        ]
      },
      "locked": {
        "lastModified": 1734622215,
        "narHash": "sha256-OOfI0XhSJGHblfdNDhfnn8QnZxng63rWk9eeJ2tCbiI=",
        "owner": "nix-community",
        "repo": "home-manager",
        "rev": "1395379a7a36e40f2a76e7b9936cc52950baa1be",
        "type": "github"
      },
      "original": {
        "owner": "nix-community",
        "repo": "home-manager",
        "type": "github"
      }
    },
    "home-manager-stable": {
      "inputs": {
        "nixpkgs": [
          "catppuccin",
          "nixpkgs-stable"
        ]
      },
      "locked": {
        "lastModified": 1734366194,
        "narHash": "sha256-vykpJ1xsdkv0j8WOVXrRFHUAdp9NXHpxdnn1F4pYgSw=",
        "owner": "nix-community",
        "repo": "home-manager",
        "rev": "80b0fdf483c5d1cb75aaad909bd390d48673857f",
        "type": "github"
      },
      "original": {
        "owner": "nix-community",
        "ref": "release-24.11",
        "repo": "home-manager",
        "type": "github"
      }
    },
    "home-manager_2": {
      "inputs": {
        "nixpkgs": [
          "nixpkgs"
        ]
      },
      "locked": {
<<<<<<< HEAD
        "lastModified": 1736508663,
        "narHash": "sha256-ZOaGwa+WnB7Zn3YXimqjmIugAnHePdXCmNu+AHkq808=",
        "owner": "nix-community",
        "repo": "home-manager",
        "rev": "2532b500c3ed2b8940e831039dcec5a5ea093afc",
=======
        "lastModified": 1736066484,
        "narHash": "sha256-uTstP36WaFrw+TEHb8nLF14hFPzQBOhmIxzioHCDaL8=",
        "owner": "nix-community",
        "repo": "home-manager",
        "rev": "5ad12b6ea06b84e48f6b677957c74f32d47bdee0",
>>>>>>> 76020dd (nix flake update)
        "type": "github"
      },
      "original": {
        "owner": "nix-community",
        "repo": "home-manager",
        "type": "github"
      }
    },
    "ixx": {
      "inputs": {
        "flake-utils": [
          "catppuccin",
          "nuscht-search",
          "flake-utils"
        ],
        "nixpkgs": [
          "catppuccin",
          "nuscht-search",
          "nixpkgs"
        ]
      },
      "locked": {
        "lastModified": 1729958008,
        "narHash": "sha256-EiOq8jF4Z/zQe0QYVc3+qSKxRK//CFHMB84aYrYGwEs=",
        "owner": "NuschtOS",
        "repo": "ixx",
        "rev": "9fd01aad037f345350eab2cd45e1946cc66da4eb",
        "type": "github"
      },
      "original": {
        "owner": "NuschtOS",
        "ref": "v0.0.6",
        "repo": "ixx",
        "type": "github"
      }
    },
    "nix-system-graphics": {
      "inputs": {
        "nixpkgs": [
          "nixpkgs"
        ]
      },
      "locked": {
        "lastModified": 1729864290,
        "narHash": "sha256-BBMfemVn4J0HKZ5DFFJf7pfgc9AJijbA7rliSzWFb8s=",
        "owner": "soupglasses",
        "repo": "nix-system-graphics",
        "rev": "5a8d749e977090c7f8c5b920b13262174b2d7b55",
        "type": "github"
      },
      "original": {
        "owner": "soupglasses",
        "repo": "nix-system-graphics",
        "type": "github"
      }
    },
    "nixos-facter-modules": {
      "locked": {
        "lastModified": 1734596637,
        "narHash": "sha256-MRqwVAe3gsb88u4ME1UidmZFVCx+FEnoob0zkpO9DMY=",
        "owner": "numtide",
        "repo": "nixos-facter-modules",
        "rev": "536472754982bf03079b4b4e0261838a760587c0",
        "type": "github"
      },
      "original": {
        "owner": "numtide",
        "repo": "nixos-facter-modules",
        "type": "github"
      }
    },
    "nixpkgs": {
      "locked": {
        "lastModified": 1734424634,
        "narHash": "sha256-cHar1vqHOOyC7f1+tVycPoWTfKIaqkoe1Q6TnKzuti4=",
        "owner": "NixOS",
        "repo": "nixpkgs",
        "rev": "d3c42f187194c26d9f0309a8ecc469d6c878ce33",
        "type": "github"
      },
      "original": {
        "owner": "NixOS",
        "ref": "nixos-unstable",
        "repo": "nixpkgs",
        "type": "github"
      }
    },
    "nixpkgs-stable": {
      "locked": {
        "lastModified": 1734600368,
        "narHash": "sha256-nbG9TijTMcfr+au7ZVbKpAhMJzzE2nQBYmRvSdXUD8g=",
        "owner": "NixOS",
        "repo": "nixpkgs",
        "rev": "b47fd6fa00c6afca88b8ee46cfdb00e104f50bca",
        "type": "github"
      },
      "original": {
        "owner": "NixOS",
        "ref": "nixos-24.11",
        "repo": "nixpkgs",
        "type": "github"
      }
    },
    "nixpkgs_2": {
      "locked": {
<<<<<<< HEAD
        "lastModified": 1736344531,
        "narHash": "sha256-8YVQ9ZbSfuUk2bUf2KRj60NRraLPKPS0Q4QFTbc+c2c=",
        "owner": "NixOS",
        "repo": "nixpkgs",
        "rev": "bffc22eb12172e6db3c5dde9e3e5628f8e3e7912",
=======
        "lastModified": 1735834308,
        "narHash": "sha256-dklw3AXr3OGO4/XT1Tu3Xz9n/we8GctZZ75ZWVqAVhk=",
        "owner": "NixOS",
        "repo": "nixpkgs",
        "rev": "6df24922a1400241dae323af55f30e4318a6ca65",
>>>>>>> 76020dd (nix flake update)
        "type": "github"
      },
      "original": {
        "owner": "NixOS",
        "ref": "nixos-unstable",
        "repo": "nixpkgs",
        "type": "github"
      }
    },
    "nur": {
      "inputs": {
        "flake-parts": [
          "flake-parts"
        ],
        "nixpkgs": [
          "nixpkgs"
        ],
        "treefmt-nix": [
          "treefmt-nix"
        ]
      },
      "locked": {
<<<<<<< HEAD
        "lastModified": 1736514265,
        "narHash": "sha256-1TDMYBtAMg8A9gs1mIP16P5on6AL/rpfCJlMt59rnVI=",
        "owner": "nix-community",
        "repo": "nur",
        "rev": "950ec1270558b41a6dd2ee662daa052deee01086",
=======
        "lastModified": 1736102571,
        "narHash": "sha256-kqwFSGjc51UwN83cJxU9+Ld9SoKMTWl7oM3efx7Ma2A=",
        "owner": "nix-community",
        "repo": "nur",
        "rev": "b95b380c7800128a1dc9f286de3fb92868909645",
>>>>>>> 76020dd (nix flake update)
        "type": "github"
      },
      "original": {
        "owner": "nix-community",
        "repo": "nur",
        "type": "github"
      }
    },
    "nuscht-search": {
      "inputs": {
        "flake-utils": "flake-utils",
        "ixx": "ixx",
        "nixpkgs": [
          "catppuccin",
          "nixpkgs"
        ]
      },
      "locked": {
        "lastModified": 1733773348,
        "narHash": "sha256-Y47y+LesOCkJaLvj+dI/Oa6FAKj/T9sKVKDXLNsViPw=",
        "owner": "NuschtOS",
        "repo": "search",
        "rev": "3051be7f403bff1d1d380e4612f0c70675b44fc9",
        "type": "github"
      },
      "original": {
        "owner": "NuschtOS",
        "repo": "search",
        "type": "github"
      }
    },
    "patch-dcfldd": {
      "flake": false,
      "locked": {
        "narHash": "sha256-dYFj7CUNU9AUNh5U5yp5cHLrbLln4IZeg5Mc87SqyoQ=",
        "type": "file",
        "url": "https://github.com/NixOS/nixpkgs/pull/369697.patch"
      },
      "original": {
        "type": "file",
        "url": "https://github.com/NixOS/nixpkgs/pull/369697.patch"
      }
    },
    "pre-commit-sort": {
      "inputs": {
        "flake-parts": [
          "flake-parts"
        ],
        "nixpkgs": [
          "nixpkgs"
        ]
      },
      "locked": {
        "lastModified": 1735592808,
        "narHash": "sha256-rHZAfJzyoCEFUyyNhsZxbWm9eqXrx6T23x2z3WeYEsg=",
        "owner": "nim65s",
        "repo": "pre-commit-sort",
        "rev": "1bc562e73f995960a84a6f79ca50e0a44075be30",
        "type": "github"
      },
      "original": {
        "owner": "nim65s",
        "repo": "pre-commit-sort",
        "type": "github"
      }
    },
    "root": {
      "inputs": {
        "catppuccin": "catppuccin",
        "clan-core": "clan-core",
        "flake-parts": "flake-parts",
        "flake-utils": "flake-utils_2",
        "home-manager": "home-manager_2",
        "nix-system-graphics": "nix-system-graphics",
        "nixpkgs": "nixpkgs_2",
        "nur": "nur",
        "patch-dcfldd": "patch-dcfldd",
        "pre-commit-sort": "pre-commit-sort",
        "stylix": "stylix",
        "system-manager": "system-manager",
        "systems": "systems_2",
        "treefmt-nix": "treefmt-nix"
      }
    },
    "sops-nix": {
      "inputs": {
        "nixpkgs": [
          "clan-core",
          "nixpkgs"
        ]
      },
      "locked": {
        "lastModified": 1736064798,
        "narHash": "sha256-xJRN0FmX9QJ6+w8eIIIxzBU1AyQcLKJ1M/Gp6lnSD20=",
        "owner": "Mic92",
        "repo": "sops-nix",
        "rev": "5dc08f9cc77f03b43aacffdfbc8316807773c930",
        "type": "github"
      },
      "original": {
        "owner": "Mic92",
        "repo": "sops-nix",
        "type": "github"
      }
    },
    "stylix": {
      "inputs": {
        "base16": "base16",
        "base16-fish": "base16-fish",
        "base16-helix": "base16-helix",
        "base16-vim": "base16-vim",
        "firefox-gnome-theme": "firefox-gnome-theme",
        "flake-compat": "flake-compat",
        "flake-utils": [
          "flake-utils"
        ],
        "git-hooks": "git-hooks",
        "gnome-shell": "gnome-shell",
        "home-manager": [
          "home-manager"
        ],
        "nixpkgs": [
          "nixpkgs"
        ],
        "systems": [
          "systems"
        ],
        "tinted-foot": "tinted-foot",
        "tinted-kitty": "tinted-kitty",
        "tinted-tmux": "tinted-tmux",
        "tinted-zed": "tinted-zed"
      },
      "locked": {
<<<<<<< HEAD
        "lastModified": 1736300059,
        "narHash": "sha256-z3mR+0gBN/iVM8UgfCSIxjgw4jm1bu1kjMKyQx9mGBc=",
        "owner": "danth",
        "repo": "stylix",
        "rev": "168306ce7f5d823ccee8b7d4e112ea20671c2b8f",
=======
        "lastModified": 1736011580,
        "narHash": "sha256-8gmk/i9ZA5C6LGRnqHb5sZ8UKaqT5GnS6XxeSPMSz+s=",
        "owner": "danth",
        "repo": "stylix",
        "rev": "7dfcdb410118dcd02ba1d85a2179a6f1c877403f",
>>>>>>> 76020dd (nix flake update)
        "type": "github"
      },
      "original": {
        "owner": "danth",
        "repo": "stylix",
        "type": "github"
      }
    },
    "system-manager": {
      "inputs": {
        "nixpkgs": [
          "nixpkgs"
        ]
      },
      "locked": {
        "lastModified": 1734512348,
        "narHash": "sha256-dD6mweafdd/t+7m1YMiNK2zB52ZMJhsxauCb4Dcd8wQ=",
        "owner": "numtide",
        "repo": "system-manager",
        "rev": "c9e35e9b7d698533a32c7e34dfdb906e1e0b7d0a",
        "type": "github"
      },
      "original": {
        "owner": "numtide",
        "repo": "system-manager",
        "type": "github"
      }
    },
    "systems": {
      "locked": {
        "lastModified": 1681028828,
        "narHash": "sha256-Vy1rq5AaRuLzOxct8nz4T6wlgyUR7zLU309k9mBC768=",
        "owner": "nix-systems",
        "repo": "default",
        "rev": "da67096a3b9bf56a91d16901293e51ba5b49a27e",
        "type": "github"
      },
      "original": {
        "owner": "nix-systems",
        "repo": "default",
        "type": "github"
      }
    },
    "systems_2": {
      "locked": {
        "lastModified": 1681028828,
        "narHash": "sha256-Vy1rq5AaRuLzOxct8nz4T6wlgyUR7zLU309k9mBC768=",
        "owner": "nix-systems",
        "repo": "default",
        "rev": "da67096a3b9bf56a91d16901293e51ba5b49a27e",
        "type": "github"
      },
      "original": {
        "owner": "nix-systems",
        "repo": "default",
        "type": "github"
      }
    },
    "tinted-foot": {
      "flake": false,
      "locked": {
        "lastModified": 1726913040,
        "narHash": "sha256-+eDZPkw7efMNUf3/Pv0EmsidqdwNJ1TaOum6k7lngDQ=",
        "owner": "tinted-theming",
        "repo": "tinted-foot",
        "rev": "fd1b924b6c45c3e4465e8a849e67ea82933fcbe4",
        "type": "github"
      },
      "original": {
        "owner": "tinted-theming",
        "repo": "tinted-foot",
        "rev": "fd1b924b6c45c3e4465e8a849e67ea82933fcbe4",
        "type": "github"
      }
    },
    "tinted-kitty": {
      "flake": false,
      "locked": {
        "lastModified": 1716423189,
        "narHash": "sha256-2xF3sH7UIwegn+2gKzMpFi3pk5DlIlM18+vj17Uf82U=",
        "owner": "tinted-theming",
        "repo": "tinted-kitty",
        "rev": "eb39e141db14baef052893285df9f266df041ff8",
        "type": "github"
      },
      "original": {
        "owner": "tinted-theming",
        "repo": "tinted-kitty",
        "rev": "eb39e141db14baef052893285df9f266df041ff8",
        "type": "github"
      }
    },
    "tinted-tmux": {
      "flake": false,
      "locked": {
        "lastModified": 1729501581,
        "narHash": "sha256-1ohEFMC23elnl39kxWnjzH1l2DFWWx4DhFNNYDTYt54=",
        "owner": "tinted-theming",
        "repo": "tinted-tmux",
        "rev": "f0e7f7974a6441033eb0a172a0342e96722b4f14",
        "type": "github"
      },
      "original": {
        "owner": "tinted-theming",
        "repo": "tinted-tmux",
        "type": "github"
      }
    },
    "tinted-zed": {
      "flake": false,
      "locked": {
        "lastModified": 1725758778,
        "narHash": "sha256-8P1b6mJWyYcu36WRlSVbuj575QWIFZALZMTg5ID/sM4=",
        "owner": "tinted-theming",
        "repo": "base16-zed",
        "rev": "122c9e5c0e6f27211361a04fae92df97940eccf9",
        "type": "github"
      },
      "original": {
        "owner": "tinted-theming",
        "repo": "base16-zed",
        "type": "github"
      }
    },
    "treefmt-nix": {
      "inputs": {
        "nixpkgs": [
          "nixpkgs"
        ]
      },
      "locked": {
<<<<<<< HEAD
        "lastModified": 1736154270,
        "narHash": "sha256-p2r8xhQZ3TYIEKBoiEhllKWQqWNJNoT9v64Vmg4q8Zw=",
        "owner": "numtide",
        "repo": "treefmt-nix",
        "rev": "13c913f5deb3a5c08bb810efd89dc8cb24dd968b",
=======
        "lastModified": 1736090846,
        "narHash": "sha256-heFL48rpDWjX95ZTnan1mHQ8CA/ziSsF5fWBpf87FJc=",
        "owner": "numtide",
        "repo": "treefmt-nix",
        "rev": "94ae23570d1c5baf710989fa1736eaea537fec27",
>>>>>>> 76020dd (nix flake update)
        "type": "github"
      },
      "original": {
        "owner": "numtide",
        "repo": "treefmt-nix",
        "type": "github"
      }
    }
  },
  "root": "root",
  "version": 7
}
