{
  "nodes": {
    "home-manager": {
      "inputs": {
        "nixpkgs": [
          "nixpkgs"
        ]
      },
      "locked": {
        "lastModified": 1722203588,
        "narHash": "sha256-91V5FMSQ4z9bkhTCf0f86Zjw0bh367daSf0mzCIW0vU=",
        "owner": "nix-community",
        "repo": "home-manager",
        "rev": "792757f643cedc13f02098d8ed506d82e19ec1da",
        "type": "github"
      },
      "original": {
        "owner": "nix-community",
        "repo": "home-manager",
        "type": "github"
      }
    },
    "nixpkgs": {
      "locked": {
        "lastModified": 1722240328,
        "narHash": "sha256-tPOQ86mTx1jyjgYRj4L1yx0gGRrTixwgznKgRNMyBxE=",
        "owner": "NixOS",
        "repo": "nixpkgs",
        "rev": "b34ee7d48436cb46343de9daf5abdc3bcab0dec3",
        "type": "github"
      },
      "original": {
        "owner": "NixOS",
        "ref": "nixos-unstable",
        "repo": "nixpkgs",
        "type": "github"
      }
    },
    "nur": {
      "locked": {
        "lastModified": 1722241640,
        "narHash": "sha256-LVNIx9IJiBGVpIFXuICbWnW0cFsK+BoIsYE7PD9fzKQ=",
        "owner": "nix-community",
        "repo": "nur",
        "rev": "1200fd65a29c610bc6b82fbd3e784b0eb6923183",
        "type": "github"
      },
      "original": {
        "owner": "nix-community",
        "repo": "nur",
        "type": "github"
      }
    },
    "root": {
      "inputs": {
        "home-manager": "home-manager",
        "nixpkgs": "nixpkgs",
        "nur": "nur"
      }
    }
  },
  "root": "root",
  "version": 7
}
