{
  "nodes": {
    "home-manager": {
      "inputs": {
        "nixpkgs": [
          "nixpkgs"
        ]
      },
      "locked": {
        "lastModified": 1710506163,
        "narHash": "sha256-Xpl2LzbAIUHcTkAZ08UZM0USxVaQn194I8ma9c8wnAA=",
        "owner": "nix-community",
        "repo": "home-manager",
        "rev": "dc2f3812b41f825ed466c24c4211160d75cb890c",
        "type": "github"
      },
      "original": {
        "owner": "nix-community",
        "repo": "home-manager",
        "type": "github"
      }
    },
    "nixpkgs": {
      "locked": {
        "lastModified": 1710507310,
        "narHash": "sha256-Y5nhfpOyY+gGnT3AbGYlbJFAJn6PjR2Z89M1ZaMiOo4=",
        "owner": "NixOS",
        "repo": "nixpkgs",
        "rev": "f6e0afbcc37cece7b03c869390ab86bdca596aae",
        "type": "github"
      },
      "original": {
        "owner": "nixos",
        "ref": "nixos-unstable",
        "repo": "nixpkgs",
        "type": "github"
      }
    },
    "nur": {
      "locked": {
        "lastModified": 1710506669,
        "narHash": "sha256-9m+oWHbBZi3c7YyiMs5hiOIqCG+WgP1sMA+s60AtWOU=",
        "owner": "nix-community",
        "repo": "nur",
        "rev": "90155b2212a941712b74575db564c6afd24492b5",
        "type": "github"
      },
      "original": {
        "owner": "nix-community",
        "repo": "nur",
        "type": "github"
      }
    },
    "root": {
      "inputs": {
        "home-manager": "home-manager",
        "nixpkgs": "nixpkgs",
        "nur": "nur"
      }
    }
  },
  "root": "root",
  "version": 7
}
